
Microsoft Visual Studio Solution File, Format Version 12.00
# Visual Studio Version 17
VisualStudioVersion = 17.7.34003.232
MinimumVisualStudioVersion = 10.0.40219.1
Project("{FAE04EC0-301F-11D3-BF4B-00C04F79EFBC}") = "Dam", "Dam\Dam.csproj", "{76934338-4560-4DD6-8F69-92324719A294}"
EndProject
Global
	GlobalSection(SolutionConfigurationPlatforms) = preSolution
		Debug|Any CPU = Debug|Any CPU
		Release|Any CPU = Release|Any CPU
	EndGlobalSection
	GlobalSection(ProjectConfigurationPlatforms) = postSolution
		{76934338-4560-4DD6-8F69-92324719A294}.Debug|Any CPU.ActiveCfg = Debug|Any CPU
		{76934338-4560-4DD6-8F69-92324719A294}.Debug|Any CPU.Build.0 = Debug|Any CPU
		{76934338-4560-4DD6-8F69-92324719A294}.Release|Any CPU.ActiveCfg = Release|Any CPU
		{76934338-4560-4DD6-8F69-92324719A294}.Release|Any CPU.Build.0 = Release|Any CPU
	EndGlobalSection
	GlobalSection(SolutionProperties) = preSolution
		HideSolutionNode = FALSE
	EndGlobalSection
	GlobalSection(ExtensibilityGlobals) = postSolution
		SolutionGuid = {AF596F25-1BAD-4271-85E7-140BC6750A4E}
	EndGlobalSection
EndGlobal
